
Microsoft Visual Studio Solution File, Format Version 12.00
# Visual Studio Version 16
VisualStudioVersion = 16.0.29709.97
MinimumVisualStudioVersion = 10.0.40219.1
Project("{FAE04EC0-301F-11D3-BF4B-00C04F79EFBC}") = "DacodesTest.Android", "DacodesTest.Android\DacodesTest.Android.csproj", "{0B111D2D-6BE0-45A0-BCE4-1FA37ECCF444}"
EndProject
Project("{FAE04EC0-301F-11D3-BF4B-00C04F79EFBC}") = "DacodesTest.iOS", "DacodesTest.iOS\DacodesTest.iOS.csproj", "{C481F6A2-5E22-4488-9D23-4E5B1AD52969}"
EndProject
Project("{9A19103F-16F7-4668-BE54-9A1E7A4F7556}") = "DacodesTest", "DacodesTest\DacodesTest.csproj", "{722D1F8B-A471-4107-BF02-D2675F1D2E11}"
EndProject
Project("{2150E333-8FDC-42A3-9474-1A3956D46DE8}") = "LogicTest", "LogicTest", "{C28F6CC4-F32E-4CC7-AA11-FEE685694B04}"
EndProject
Project("{FAE04EC0-301F-11D3-BF4B-00C04F79EFBC}") = "DacodesLogic", "DacodesLogic\DacodesLogic.csproj", "{8E87D78C-ADF0-404C-8A80-8EA6134EE139}"
EndProject
Global
	GlobalSection(SolutionConfigurationPlatforms) = preSolution
		Debug|Any CPU = Debug|Any CPU
		Debug|iPhone = Debug|iPhone
		Debug|iPhoneSimulator = Debug|iPhoneSimulator
		Release|Any CPU = Release|Any CPU
		Release|iPhone = Release|iPhone
		Release|iPhoneSimulator = Release|iPhoneSimulator
	EndGlobalSection
	GlobalSection(ProjectConfigurationPlatforms) = postSolution
		{0B111D2D-6BE0-45A0-BCE4-1FA37ECCF444}.Debug|Any CPU.ActiveCfg = Debug|Any CPU
		{0B111D2D-6BE0-45A0-BCE4-1FA37ECCF444}.Debug|Any CPU.Build.0 = Debug|Any CPU
		{0B111D2D-6BE0-45A0-BCE4-1FA37ECCF444}.Debug|Any CPU.Deploy.0 = Debug|Any CPU
		{0B111D2D-6BE0-45A0-BCE4-1FA37ECCF444}.Debug|iPhone.ActiveCfg = Debug|Any CPU
		{0B111D2D-6BE0-45A0-BCE4-1FA37ECCF444}.Debug|iPhone.Build.0 = Debug|Any CPU
		{0B111D2D-6BE0-45A0-BCE4-1FA37ECCF444}.Debug|iPhone.Deploy.0 = Debug|Any CPU
		{0B111D2D-6BE0-45A0-BCE4-1FA37ECCF444}.Debug|iPhoneSimulator.ActiveCfg = Debug|Any CPU
		{0B111D2D-6BE0-45A0-BCE4-1FA37ECCF444}.Debug|iPhoneSimulator.Build.0 = Debug|Any CPU
		{0B111D2D-6BE0-45A0-BCE4-1FA37ECCF444}.Debug|iPhoneSimulator.Deploy.0 = Debug|Any CPU
		{0B111D2D-6BE0-45A0-BCE4-1FA37ECCF444}.Release|Any CPU.ActiveCfg = Release|Any CPU
		{0B111D2D-6BE0-45A0-BCE4-1FA37ECCF444}.Release|Any CPU.Build.0 = Release|Any CPU
		{0B111D2D-6BE0-45A0-BCE4-1FA37ECCF444}.Release|Any CPU.Deploy.0 = Release|Any CPU
		{0B111D2D-6BE0-45A0-BCE4-1FA37ECCF444}.Release|iPhone.ActiveCfg = Release|Any CPU
		{0B111D2D-6BE0-45A0-BCE4-1FA37ECCF444}.Release|iPhone.Build.0 = Release|Any CPU
		{0B111D2D-6BE0-45A0-BCE4-1FA37ECCF444}.Release|iPhone.Deploy.0 = Release|Any CPU
		{0B111D2D-6BE0-45A0-BCE4-1FA37ECCF444}.Release|iPhoneSimulator.ActiveCfg = Release|Any CPU
		{0B111D2D-6BE0-45A0-BCE4-1FA37ECCF444}.Release|iPhoneSimulator.Build.0 = Release|Any CPU
		{0B111D2D-6BE0-45A0-BCE4-1FA37ECCF444}.Release|iPhoneSimulator.Deploy.0 = Release|Any CPU
		{C481F6A2-5E22-4488-9D23-4E5B1AD52969}.Debug|Any CPU.ActiveCfg = Debug|iPhoneSimulator
		{C481F6A2-5E22-4488-9D23-4E5B1AD52969}.Debug|Any CPU.Build.0 = Debug|iPhoneSimulator
		{C481F6A2-5E22-4488-9D23-4E5B1AD52969}.Debug|Any CPU.Deploy.0 = Debug|iPhoneSimulator
		{C481F6A2-5E22-4488-9D23-4E5B1AD52969}.Debug|iPhone.ActiveCfg = Debug|iPhone
		{C481F6A2-5E22-4488-9D23-4E5B1AD52969}.Debug|iPhone.Build.0 = Debug|iPhone
		{C481F6A2-5E22-4488-9D23-4E5B1AD52969}.Debug|iPhone.Deploy.0 = Debug|iPhone
		{C481F6A2-5E22-4488-9D23-4E5B1AD52969}.Debug|iPhoneSimulator.ActiveCfg = Debug|iPhoneSimulator
		{C481F6A2-5E22-4488-9D23-4E5B1AD52969}.Debug|iPhoneSimulator.Build.0 = Debug|iPhoneSimulator
		{C481F6A2-5E22-4488-9D23-4E5B1AD52969}.Debug|iPhoneSimulator.Deploy.0 = Debug|iPhoneSimulator
		{C481F6A2-5E22-4488-9D23-4E5B1AD52969}.Release|Any CPU.ActiveCfg = Release|iPhone
		{C481F6A2-5E22-4488-9D23-4E5B1AD52969}.Release|Any CPU.Build.0 = Release|iPhone
		{C481F6A2-5E22-4488-9D23-4E5B1AD52969}.Release|Any CPU.Deploy.0 = Release|iPhone
		{C481F6A2-5E22-4488-9D23-4E5B1AD52969}.Release|iPhone.ActiveCfg = Release|iPhone
		{C481F6A2-5E22-4488-9D23-4E5B1AD52969}.Release|iPhone.Build.0 = Release|iPhone
		{C481F6A2-5E22-4488-9D23-4E5B1AD52969}.Release|iPhone.Deploy.0 = Release|iPhone
		{C481F6A2-5E22-4488-9D23-4E5B1AD52969}.Release|iPhoneSimulator.ActiveCfg = Release|iPhoneSimulator
		{C481F6A2-5E22-4488-9D23-4E5B1AD52969}.Release|iPhoneSimulator.Build.0 = Release|iPhoneSimulator
		{C481F6A2-5E22-4488-9D23-4E5B1AD52969}.Release|iPhoneSimulator.Deploy.0 = Release|iPhoneSimulator
		{722D1F8B-A471-4107-BF02-D2675F1D2E11}.Debug|Any CPU.ActiveCfg = Debug|Any CPU
		{722D1F8B-A471-4107-BF02-D2675F1D2E11}.Debug|Any CPU.Build.0 = Debug|Any CPU
		{722D1F8B-A471-4107-BF02-D2675F1D2E11}.Debug|Any CPU.Deploy.0 = Debug|Any CPU
		{722D1F8B-A471-4107-BF02-D2675F1D2E11}.Debug|iPhone.ActiveCfg = Debug|Any CPU
		{722D1F8B-A471-4107-BF02-D2675F1D2E11}.Debug|iPhone.Build.0 = Debug|Any CPU
		{722D1F8B-A471-4107-BF02-D2675F1D2E11}.Debug|iPhone.Deploy.0 = Debug|Any CPU
		{722D1F8B-A471-4107-BF02-D2675F1D2E11}.Debug|iPhoneSimulator.ActiveCfg = Debug|Any CPU
		{722D1F8B-A471-4107-BF02-D2675F1D2E11}.Debug|iPhoneSimulator.Build.0 = Debug|Any CPU
		{722D1F8B-A471-4107-BF02-D2675F1D2E11}.Debug|iPhoneSimulator.Deploy.0 = Debug|Any CPU
		{722D1F8B-A471-4107-BF02-D2675F1D2E11}.Release|Any CPU.ActiveCfg = Release|Any CPU
		{722D1F8B-A471-4107-BF02-D2675F1D2E11}.Release|Any CPU.Build.0 = Release|Any CPU
		{722D1F8B-A471-4107-BF02-D2675F1D2E11}.Release|Any CPU.Deploy.0 = Release|Any CPU
		{722D1F8B-A471-4107-BF02-D2675F1D2E11}.Release|iPhone.ActiveCfg = Release|Any CPU
		{722D1F8B-A471-4107-BF02-D2675F1D2E11}.Release|iPhone.Build.0 = Release|Any CPU
		{722D1F8B-A471-4107-BF02-D2675F1D2E11}.Release|iPhone.Deploy.0 = Release|Any CPU
		{722D1F8B-A471-4107-BF02-D2675F1D2E11}.Release|iPhoneSimulator.ActiveCfg = Release|Any CPU
		{722D1F8B-A471-4107-BF02-D2675F1D2E11}.Release|iPhoneSimulator.Build.0 = Release|Any CPU
		{722D1F8B-A471-4107-BF02-D2675F1D2E11}.Release|iPhoneSimulator.Deploy.0 = Release|Any CPU
		{8E87D78C-ADF0-404C-8A80-8EA6134EE139}.Debug|Any CPU.ActiveCfg = Debug|Any CPU
		{8E87D78C-ADF0-404C-8A80-8EA6134EE139}.Debug|Any CPU.Build.0 = Debug|Any CPU
		{8E87D78C-ADF0-404C-8A80-8EA6134EE139}.Debug|iPhone.ActiveCfg = Debug|Any CPU
		{8E87D78C-ADF0-404C-8A80-8EA6134EE139}.Debug|iPhone.Build.0 = Debug|Any CPU
		{8E87D78C-ADF0-404C-8A80-8EA6134EE139}.Debug|iPhoneSimulator.ActiveCfg = Debug|Any CPU
		{8E87D78C-ADF0-404C-8A80-8EA6134EE139}.Debug|iPhoneSimulator.Build.0 = Debug|Any CPU
		{8E87D78C-ADF0-404C-8A80-8EA6134EE139}.Release|Any CPU.ActiveCfg = Release|Any CPU
		{8E87D78C-ADF0-404C-8A80-8EA6134EE139}.Release|Any CPU.Build.0 = Release|Any CPU
		{8E87D78C-ADF0-404C-8A80-8EA6134EE139}.Release|iPhone.ActiveCfg = Release|Any CPU
		{8E87D78C-ADF0-404C-8A80-8EA6134EE139}.Release|iPhone.Build.0 = Release|Any CPU
		{8E87D78C-ADF0-404C-8A80-8EA6134EE139}.Release|iPhoneSimulator.ActiveCfg = Release|Any CPU
		{8E87D78C-ADF0-404C-8A80-8EA6134EE139}.Release|iPhoneSimulator.Build.0 = Release|Any CPU
	EndGlobalSection
	GlobalSection(SolutionProperties) = preSolution
		HideSolutionNode = FALSE
	EndGlobalSection
	GlobalSection(NestedProjects) = preSolution
		{8E87D78C-ADF0-404C-8A80-8EA6134EE139} = {C28F6CC4-F32E-4CC7-AA11-FEE685694B04}
	EndGlobalSection
	GlobalSection(ExtensibilityGlobals) = postSolution
		SolutionGuid = {9A384AB7-6A36-4EAB-960A-5599FB0CC80D}
	EndGlobalSection
EndGlobal
